
Microsoft Visual Studio Solution File, Format Version 12.00
# Visual Studio Version 16
VisualStudioVersion = 16.0.29613.14
MinimumVisualStudioVersion = 10.0.40219.1
Project("{FAE04EC0-301F-11D3-BF4B-00C04F79EFBC}") = "Mk0.Software.MD5Generator", "Mk0.Software.MD5Generator\Mk0.Software.MD5Generator.csproj", "{309B3DB4-6BF0-4B17-91D5-EA28DADDF2EB}"
EndProject
Global
	GlobalSection(SolutionConfigurationPlatforms) = preSolution
		Debug|Any CPU = Debug|Any CPU
		Release|Any CPU = Release|Any CPU
	EndGlobalSection
	GlobalSection(ProjectConfigurationPlatforms) = postSolution
		{309B3DB4-6BF0-4B17-91D5-EA28DADDF2EB}.Debug|Any CPU.ActiveCfg = Debug|Any CPU
		{309B3DB4-6BF0-4B17-91D5-EA28DADDF2EB}.Debug|Any CPU.Build.0 = Debug|Any CPU
		{309B3DB4-6BF0-4B17-91D5-EA28DADDF2EB}.Release|Any CPU.ActiveCfg = Release|Any CPU
		{309B3DB4-6BF0-4B17-91D5-EA28DADDF2EB}.Release|Any CPU.Build.0 = Release|Any CPU
	EndGlobalSection
	GlobalSection(SolutionProperties) = preSolution
		HideSolutionNode = FALSE
	EndGlobalSection
	GlobalSection(ExtensibilityGlobals) = postSolution
		SolutionGuid = {1F6C9A9F-BD62-4AF9-9F72-8B62AE2E90E3}
	EndGlobalSection
EndGlobal
